# This file is automatically @generated by Poetry 2.3.2 and should not be changed by hand.

[[package]]
name = "pocketflow"
version = "0.0.3"
description = "Pocket Flow: 100-line LLM framework. Let Agents build Agents!"
optional = false
python-versions = "*"
groups = ["main"]
files = [
    {file = "pocketflow-0.0.3-py3-none-any.whl", hash = "sha256:028795ae5db00f421c97036f7cd5e89fe0654bef2a03032c84fcf6f61a292962"},
    {file = "pocketflow-0.0.3.tar.gz", hash = "sha256:afadc1c44658bf811668a789dee7053ed654d021c861c58696a2cb6bc4775133"},
]

[metadata]
lock-version = "2.1"
python-versions = ">=3.10"
content-hash = "33488f2190f592a5d55d656e05cdbbc4c3d28e43d9b36bf972ae5d195a698137"
